
Microsoft Visual Studio Solution File, Format Version 12.00
# Visual Studio Version 17
VisualStudioVersion = 17.13.35818.85 d17.13
MinimumVisualStudioVersion = 10.0.40219.1
Project("{FAE04EC0-301F-11D3-BF4B-00C04F79EFBC}") = "harcosok_klubja", "harcosok_klubja\harcosok_klubja.csproj", "{D1E7B21F-C5DD-43AB-B513-6A541A52723C}"
EndProject
Global
	GlobalSection(SolutionConfigurationPlatforms) = preSolution
		Debug|Any CPU = Debug|Any CPU
		Release|Any CPU = Release|Any CPU
	EndGlobalSection
	GlobalSection(ProjectConfigurationPlatforms) = postSolution
		{D1E7B21F-C5DD-43AB-B513-6A541A52723C}.Debug|Any CPU.ActiveCfg = Debug|Any CPU
		{D1E7B21F-C5DD-43AB-B513-6A541A52723C}.Debug|Any CPU.Build.0 = Debug|Any CPU
		{D1E7B21F-C5DD-43AB-B513-6A541A52723C}.Release|Any CPU.ActiveCfg = Release|Any CPU
		{D1E7B21F-C5DD-43AB-B513-6A541A52723C}.Release|Any CPU.Build.0 = Release|Any CPU
	EndGlobalSection
	GlobalSection(SolutionProperties) = preSolution
		HideSolutionNode = FALSE
	EndGlobalSection
	GlobalSection(ExtensibilityGlobals) = postSolution
		SolutionGuid = {28C1E069-B8FC-4C92-802E-832CB0062EBD}
	EndGlobalSection
EndGlobal
