
Microsoft Visual Studio Solution File, Format Version 12.00
# Visual Studio Version 17
VisualStudioVersion = 17.13.35818.85 d17.13
MinimumVisualStudioVersion = 10.0.40219.1
Project("{FAE04EC0-301F-11D3-BF4B-00C04F79EFBC}") = "Vigenere", "Vigenere\Vigenere.csproj", "{C5CC0502-C99E-499A-884F-79370293F8ED}"
EndProject
Global
	GlobalSection(SolutionConfigurationPlatforms) = preSolution
		Debug|Any CPU = Debug|Any CPU
		Release|Any CPU = Release|Any CPU
	EndGlobalSection
	GlobalSection(ProjectConfigurationPlatforms) = postSolution
		{C5CC0502-C99E-499A-884F-79370293F8ED}.Debug|Any CPU.ActiveCfg = Debug|Any CPU
		{C5CC0502-C99E-499A-884F-79370293F8ED}.Debug|Any CPU.Build.0 = Debug|Any CPU
		{C5CC0502-C99E-499A-884F-79370293F8ED}.Release|Any CPU.ActiveCfg = Release|Any CPU
		{C5CC0502-C99E-499A-884F-79370293F8ED}.Release|Any CPU.Build.0 = Release|Any CPU
	EndGlobalSection
	GlobalSection(SolutionProperties) = preSolution
		HideSolutionNode = FALSE
	EndGlobalSection
	GlobalSection(ExtensibilityGlobals) = postSolution
		SolutionGuid = {F784033C-FBB0-4E2C-A786-82FF0EA4409A}
	EndGlobalSection
EndGlobal
